{
  "name": "tiny-shelf",
  "version": "1.0.5",
  "lockfileVersion": 3,
  "requires": true,
  "packages": {
    "": {
      "name": "tiny-shelf",
      "version": "1.0.5",
      "license": "MIT",
      "dependencies": {
        "tiny-shelf": "file:"
      }
    },
    "node_modules/tiny-shelf": {
      "resolved": "",
      "link": true
    }
  }
}
